
Microsoft Visual Studio Solution File, Format Version 12.00
# Visual Studio Version 17
VisualStudioVersion = 17.12.35707.178 d17.12
MinimumVisualStudioVersion = 10.0.40219.1
Project("{FAE04EC0-301F-11D3-BF4B-00C04F79EFBC}") = "piedra_Papel_o_Tijera", "piedra_Papel_o_Tijera\piedra_Papel_o_Tijera.csproj", "{3A81799B-4FFE-46DB-AA8A-474A4CD25BCD}"
EndProject
Global
	GlobalSection(SolutionConfigurationPlatforms) = preSolution
		Debug|Any CPU = Debug|Any CPU
		Release|Any CPU = Release|Any CPU
	EndGlobalSection
	GlobalSection(ProjectConfigurationPlatforms) = postSolution
		{3A81799B-4FFE-46DB-AA8A-474A4CD25BCD}.Debug|Any CPU.ActiveCfg = Debug|Any CPU
		{3A81799B-4FFE-46DB-AA8A-474A4CD25BCD}.Debug|Any CPU.Build.0 = Debug|Any CPU
		{3A81799B-4FFE-46DB-AA8A-474A4CD25BCD}.Release|Any CPU.ActiveCfg = Release|Any CPU
		{3A81799B-4FFE-46DB-AA8A-474A4CD25BCD}.Release|Any CPU.Build.0 = Release|Any CPU
	EndGlobalSection
	GlobalSection(SolutionProperties) = preSolution
		HideSolutionNode = FALSE
	EndGlobalSection
EndGlobal
